
Microsoft Visual Studio Solution File, Format Version 12.00
# Visual Studio Version 16
VisualStudioVersion = 16.0.31205.134
MinimumVisualStudioVersion = 10.0.40219.1
Project("{9A19103F-16F7-4668-BE54-9A1E7A4F7556}") = "CpmPedidos.Domain", "CpmPedidosDomain\CpmPedidos.Domain.csproj", "{DEE10A2C-59C2-463C-8491-AA1A7D7D99EF}"
EndProject
Project("{9A19103F-16F7-4668-BE54-9A1E7A4F7556}") = "CpmPedido.Interface", "CpmPedidoInterface\CpmPedido.Interface.csproj", "{0F3459F5-63DE-4CD5-BEB5-505E105F00F9}"
EndProject
Project("{9A19103F-16F7-4668-BE54-9A1E7A4F7556}") = "CpmPedidos.Repository", "CpmPedidosRepository\CpmPedidos.Repository.csproj", "{C50584D0-0094-4E3F-8A40-6C3AE9F69142}"
EndProject
Project("{9A19103F-16F7-4668-BE54-9A1E7A4F7556}") = "CpmPedidos.API", "CpmPedidos.API\CpmPedidos.API.csproj", "{B7235B2F-4F43-42A8-A601-9C05B5AA7F68}"
EndProject
Global
	GlobalSection(SolutionConfigurationPlatforms) = preSolution
		Debug|Any CPU = Debug|Any CPU
		Release|Any CPU = Release|Any CPU
	EndGlobalSection
	GlobalSection(ProjectConfigurationPlatforms) = postSolution
		{DEE10A2C-59C2-463C-8491-AA1A7D7D99EF}.Debug|Any CPU.ActiveCfg = Debug|Any CPU
		{DEE10A2C-59C2-463C-8491-AA1A7D7D99EF}.Debug|Any CPU.Build.0 = Debug|Any CPU
		{DEE10A2C-59C2-463C-8491-AA1A7D7D99EF}.Release|Any CPU.ActiveCfg = Release|Any CPU
		{DEE10A2C-59C2-463C-8491-AA1A7D7D99EF}.Release|Any CPU.Build.0 = Release|Any CPU
		{0F3459F5-63DE-4CD5-BEB5-505E105F00F9}.Debug|Any CPU.ActiveCfg = Debug|Any CPU
		{0F3459F5-63DE-4CD5-BEB5-505E105F00F9}.Debug|Any CPU.Build.0 = Debug|Any CPU
		{0F3459F5-63DE-4CD5-BEB5-505E105F00F9}.Release|Any CPU.ActiveCfg = Release|Any CPU
		{0F3459F5-63DE-4CD5-BEB5-505E105F00F9}.Release|Any CPU.Build.0 = Release|Any CPU
		{C50584D0-0094-4E3F-8A40-6C3AE9F69142}.Debug|Any CPU.ActiveCfg = Debug|Any CPU
		{C50584D0-0094-4E3F-8A40-6C3AE9F69142}.Debug|Any CPU.Build.0 = Debug|Any CPU
		{C50584D0-0094-4E3F-8A40-6C3AE9F69142}.Release|Any CPU.ActiveCfg = Release|Any CPU
		{C50584D0-0094-4E3F-8A40-6C3AE9F69142}.Release|Any CPU.Build.0 = Release|Any CPU
		{B7235B2F-4F43-42A8-A601-9C05B5AA7F68}.Debug|Any CPU.ActiveCfg = Debug|Any CPU
		{B7235B2F-4F43-42A8-A601-9C05B5AA7F68}.Debug|Any CPU.Build.0 = Debug|Any CPU
		{B7235B2F-4F43-42A8-A601-9C05B5AA7F68}.Release|Any CPU.ActiveCfg = Release|Any CPU
		{B7235B2F-4F43-42A8-A601-9C05B5AA7F68}.Release|Any CPU.Build.0 = Release|Any CPU
	EndGlobalSection
	GlobalSection(SolutionProperties) = preSolution
		HideSolutionNode = FALSE
	EndGlobalSection
	GlobalSection(ExtensibilityGlobals) = postSolution
		SolutionGuid = {E4EB8874-3F77-445F-96FF-429374F4F7AB}
	EndGlobalSection
EndGlobal
